
Microsoft Visual Studio Solution File, Format Version 12.00
# Visual Studio Version 16
VisualStudioVersion = 16.0.30804.86
MinimumVisualStudioVersion = 10.0.40219.1
Project("{FAE04EC0-301F-11D3-BF4B-00C04F79EFBC}") = "Lucy", "Lucy.csproj", "{906DD7F2-96CD-4B3F-BF74-DC55274CF241}"
EndProject
Global
	GlobalSection(SolutionConfigurationPlatforms) = preSolution
		Debug|Any CPU = Debug|Any CPU
		Release|Any CPU = Release|Any CPU
	EndGlobalSection
	GlobalSection(ProjectConfigurationPlatforms) = postSolution
		{906DD7F2-96CD-4B3F-BF74-DC55274CF241}.Debug|Any CPU.ActiveCfg = Debug|Any CPU
		{906DD7F2-96CD-4B3F-BF74-DC55274CF241}.Debug|Any CPU.Build.0 = Debug|Any CPU
		{906DD7F2-96CD-4B3F-BF74-DC55274CF241}.Release|Any CPU.ActiveCfg = Release|Any CPU
		{906DD7F2-96CD-4B3F-BF74-DC55274CF241}.Release|Any CPU.Build.0 = Release|Any CPU
	EndGlobalSection
	GlobalSection(SolutionProperties) = preSolution
		HideSolutionNode = FALSE
	EndGlobalSection
	GlobalSection(ExtensibilityGlobals) = postSolution
		SolutionGuid = {3AC0D02B-0C4F-4779-AA0F-3F36A001E905}
	EndGlobalSection
EndGlobal
