
Microsoft Visual Studio Solution File, Format Version 12.00
# Visual Studio Version 16
VisualStudioVersion = 16.0.31205.134
MinimumVisualStudioVersion = 10.0.40219.1
Project("{9A19103F-16F7-4668-BE54-9A1E7A4F7556}") = "View", "View.csproj", "{245953C9-C610-4DC6-9697-E000A1B1F092}"
EndProject
Project("{9A19103F-16F7-4668-BE54-9A1E7A4F7556}") = "Logic", "..\Logic\Logic.csproj", "{E987CFDF-CE10-4A3A-86B1-16CBBF1FE9EB}"
EndProject
Project("{9A19103F-16F7-4668-BE54-9A1E7A4F7556}") = "Model", "..\Data\Model.csproj", "{5F2728E6-9A6E-46F1-99C9-4B0B33FCBF51}"
EndProject
Project("{9A19103F-16F7-4668-BE54-9A1E7A4F7556}") = "Test", "..\Test\Test.csproj", "{06304374-4127-4AEE-AD1F-0CB1BDBC6BD1}"
EndProject
Project("{9A19103F-16F7-4668-BE54-9A1E7A4F7556}") = "Data", "..\LogicDataConnector\Data.csproj", "{F9D11397-9C6C-44DB-981D-16409E022979}"
EndProject
Global
	GlobalSection(SolutionConfigurationPlatforms) = preSolution
		Debug|Any CPU = Debug|Any CPU
		Release|Any CPU = Release|Any CPU
	EndGlobalSection
	GlobalSection(ProjectConfigurationPlatforms) = postSolution
		{245953C9-C610-4DC6-9697-E000A1B1F092}.Debug|Any CPU.ActiveCfg = Debug|Any CPU
		{245953C9-C610-4DC6-9697-E000A1B1F092}.Debug|Any CPU.Build.0 = Debug|Any CPU
		{245953C9-C610-4DC6-9697-E000A1B1F092}.Release|Any CPU.ActiveCfg = Release|Any CPU
		{245953C9-C610-4DC6-9697-E000A1B1F092}.Release|Any CPU.Build.0 = Release|Any CPU
		{E987CFDF-CE10-4A3A-86B1-16CBBF1FE9EB}.Debug|Any CPU.ActiveCfg = Debug|Any CPU
		{E987CFDF-CE10-4A3A-86B1-16CBBF1FE9EB}.Debug|Any CPU.Build.0 = Debug|Any CPU
		{E987CFDF-CE10-4A3A-86B1-16CBBF1FE9EB}.Release|Any CPU.ActiveCfg = Release|Any CPU
		{E987CFDF-CE10-4A3A-86B1-16CBBF1FE9EB}.Release|Any CPU.Build.0 = Release|Any CPU
		{5F2728E6-9A6E-46F1-99C9-4B0B33FCBF51}.Debug|Any CPU.ActiveCfg = Debug|Any CPU
		{5F2728E6-9A6E-46F1-99C9-4B0B33FCBF51}.Debug|Any CPU.Build.0 = Debug|Any CPU
		{5F2728E6-9A6E-46F1-99C9-4B0B33FCBF51}.Release|Any CPU.ActiveCfg = Release|Any CPU
		{5F2728E6-9A6E-46F1-99C9-4B0B33FCBF51}.Release|Any CPU.Build.0 = Release|Any CPU
		{06304374-4127-4AEE-AD1F-0CB1BDBC6BD1}.Debug|Any CPU.ActiveCfg = Debug|Any CPU
		{06304374-4127-4AEE-AD1F-0CB1BDBC6BD1}.Debug|Any CPU.Build.0 = Debug|Any CPU
		{06304374-4127-4AEE-AD1F-0CB1BDBC6BD1}.Release|Any CPU.ActiveCfg = Release|Any CPU
		{06304374-4127-4AEE-AD1F-0CB1BDBC6BD1}.Release|Any CPU.Build.0 = Release|Any CPU
		{F9D11397-9C6C-44DB-981D-16409E022979}.Debug|Any CPU.ActiveCfg = Debug|Any CPU
		{F9D11397-9C6C-44DB-981D-16409E022979}.Debug|Any CPU.Build.0 = Debug|Any CPU
		{F9D11397-9C6C-44DB-981D-16409E022979}.Release|Any CPU.ActiveCfg = Release|Any CPU
		{F9D11397-9C6C-44DB-981D-16409E022979}.Release|Any CPU.Build.0 = Release|Any CPU
	EndGlobalSection
	GlobalSection(SolutionProperties) = preSolution
		HideSolutionNode = FALSE
	EndGlobalSection
	GlobalSection(ExtensibilityGlobals) = postSolution
		SolutionGuid = {29FCFC6C-4E68-4CAF-BF59-9068490C0DB9}
	EndGlobalSection
EndGlobal
