
Microsoft Visual Studio Solution File, Format Version 12.00
# Visual Studio Version 16
VisualStudioVersion = 16.0.31205.134
MinimumVisualStudioVersion = 10.0.40219.1
Project("{9A19103F-16F7-4668-BE54-9A1E7A4F7556}") = "View", "View.csproj", "{245953C9-C610-4DC6-9697-E000A1B1F092}"
EndProject
Project("{9A19103F-16F7-4668-BE54-9A1E7A4F7556}") = "Logic", "..\Logic\Logic.csproj", "{E987CFDF-CE10-4A3A-86B1-16CBBF1FE9EB}"
EndProject
Project("{9A19103F-16F7-4668-BE54-9A1E7A4F7556}") = "Data", "..\Data\Data.csproj", "{5F2728E6-9A6E-46F1-99C9-4B0B33FCBF51}"
EndProject
Project("{FAE04EC0-301F-11D3-BF4B-00C04F79EFBC}") = "Objects", "..\Objects\Objects.csproj", "{80EBA1D7-E2F7-4C86-8154-53DF2607B4A7}"
EndProject
Global
	GlobalSection(SolutionConfigurationPlatforms) = preSolution
		Debug|Any CPU = Debug|Any CPU
		Release|Any CPU = Release|Any CPU
	EndGlobalSection
	GlobalSection(ProjectConfigurationPlatforms) = postSolution
		{245953C9-C610-4DC6-9697-E000A1B1F092}.Debug|Any CPU.ActiveCfg = Debug|Any CPU
		{245953C9-C610-4DC6-9697-E000A1B1F092}.Debug|Any CPU.Build.0 = Debug|Any CPU
		{245953C9-C610-4DC6-9697-E000A1B1F092}.Release|Any CPU.ActiveCfg = Release|Any CPU
		{245953C9-C610-4DC6-9697-E000A1B1F092}.Release|Any CPU.Build.0 = Release|Any CPU
		{E987CFDF-CE10-4A3A-86B1-16CBBF1FE9EB}.Debug|Any CPU.ActiveCfg = Debug|Any CPU
		{E987CFDF-CE10-4A3A-86B1-16CBBF1FE9EB}.Debug|Any CPU.Build.0 = Debug|Any CPU
		{E987CFDF-CE10-4A3A-86B1-16CBBF1FE9EB}.Release|Any CPU.ActiveCfg = Release|Any CPU
		{E987CFDF-CE10-4A3A-86B1-16CBBF1FE9EB}.Release|Any CPU.Build.0 = Release|Any CPU
		{5F2728E6-9A6E-46F1-99C9-4B0B33FCBF51}.Debug|Any CPU.ActiveCfg = Debug|Any CPU
		{5F2728E6-9A6E-46F1-99C9-4B0B33FCBF51}.Debug|Any CPU.Build.0 = Debug|Any CPU
		{5F2728E6-9A6E-46F1-99C9-4B0B33FCBF51}.Release|Any CPU.ActiveCfg = Release|Any CPU
		{5F2728E6-9A6E-46F1-99C9-4B0B33FCBF51}.Release|Any CPU.Build.0 = Release|Any CPU
		{80EBA1D7-E2F7-4C86-8154-53DF2607B4A7}.Debug|Any CPU.ActiveCfg = Debug|Any CPU
		{80EBA1D7-E2F7-4C86-8154-53DF2607B4A7}.Debug|Any CPU.Build.0 = Debug|Any CPU
		{80EBA1D7-E2F7-4C86-8154-53DF2607B4A7}.Release|Any CPU.ActiveCfg = Release|Any CPU
		{80EBA1D7-E2F7-4C86-8154-53DF2607B4A7}.Release|Any CPU.Build.0 = Release|Any CPU
	EndGlobalSection
	GlobalSection(SolutionProperties) = preSolution
		HideSolutionNode = FALSE
	EndGlobalSection
	GlobalSection(ExtensibilityGlobals) = postSolution
		SolutionGuid = {29FCFC6C-4E68-4CAF-BF59-9068490C0DB9}
	EndGlobalSection
EndGlobal
